
Microsoft Visual Studio Solution File, Format Version 12.00
# Visual Studio 2012
Project("{FAE04EC0-301F-11D3-BF4B-00C04F79EFBC}") = "ReadOnlyFileIconOverlayHandler", "ReadOnlyFileIconOverlayHandler.csproj", "{31EFBD02-1FCC-4EC6-A7F3-5A04BE4AE806}"
EndProject
Global
	GlobalSection(SolutionConfigurationPlatforms) = preSolution
		Debug|Any CPU = Debug|Any CPU
		Release|Any CPU = Release|Any CPU
	EndGlobalSection
	GlobalSection(ProjectConfigurationPlatforms) = postSolution
		{31EFBD02-1FCC-4EC6-A7F3-5A04BE4AE806}.Debug|Any CPU.ActiveCfg = Debug|Any CPU
		{31EFBD02-1FCC-4EC6-A7F3-5A04BE4AE806}.Debug|Any CPU.Build.0 = Debug|Any CPU
		{31EFBD02-1FCC-4EC6-A7F3-5A04BE4AE806}.Release|Any CPU.ActiveCfg = Release|Any CPU
		{31EFBD02-1FCC-4EC6-A7F3-5A04BE4AE806}.Release|Any CPU.Build.0 = Release|Any CPU
	EndGlobalSection
	GlobalSection(SolutionProperties) = preSolution
		HideSolutionNode = FALSE
	EndGlobalSection
EndGlobal
